
Microsoft Visual Studio Solution File, Format Version 12.00
# Visual Studio Version 17
VisualStudioVersion = 17.0.32112.339
MinimumVisualStudioVersion = 10.0.40219.1
Project("{FAE04EC0-301F-11D3-BF4B-00C04F79EFBC}") = "dailyCoding", "dailyCoding\dailyCoding.csproj", "{C10FBEB2-A63C-4459-9DA2-6D0109BBC57C}"
EndProject
Global
	GlobalSection(SolutionConfigurationPlatforms) = preSolution
		Debug|Any CPU = Debug|Any CPU
		Release|Any CPU = Release|Any CPU
	EndGlobalSection
	GlobalSection(ProjectConfigurationPlatforms) = postSolution
		{C10FBEB2-A63C-4459-9DA2-6D0109BBC57C}.Debug|Any CPU.ActiveCfg = Debug|Any CPU
		{C10FBEB2-A63C-4459-9DA2-6D0109BBC57C}.Debug|Any CPU.Build.0 = Debug|Any CPU
		{C10FBEB2-A63C-4459-9DA2-6D0109BBC57C}.Release|Any CPU.ActiveCfg = Release|Any CPU
		{C10FBEB2-A63C-4459-9DA2-6D0109BBC57C}.Release|Any CPU.Build.0 = Release|Any CPU
	EndGlobalSection
	GlobalSection(SolutionProperties) = preSolution
		HideSolutionNode = FALSE
	EndGlobalSection
	GlobalSection(ExtensibilityGlobals) = postSolution
		SolutionGuid = {7A442EBF-D04A-44BA-8687-80F03A4703E3}
	EndGlobalSection
EndGlobal
